PODS:
  - iOSPubSubLocal (0.0.2):
    - SwiftProtobuf (~> 1.9.0)
  - SwiftProtobuf (1.9.0)

DEPENDENCIES:
  - iOSPubSubLocal (from `sample/`)
  - SwiftProtobuf (~> 1.9.0)

SPEC REPOS:
  trunk:
    - SwiftProtobuf

EXTERNAL SOURCES:
  iOSPubSubLocal:
    :path: sample/

SPEC CHECKSUMS:
  iOSPubSubLocal: 842fcbc5a10a73758b052a553c74039686564282
  SwiftProtobuf: ecbec1be9036d15655f6b3443a1c4ea693c97932

PODFILE CHECKSUM: 46f21f2bc922a48cf5fee2cc192d07a9e4a91d94

COCOAPODS: 1.15.2
